datasplit:
  cmd: $VAE_PY src/pipeline/datasplit.py
  deps:
  - path: src/pipeline/datasplit.py
    md5: ec7d9c76fdb6dc4f3ea7c7c462872745
  outs:
  - path: data/intermediate/hcl_test_data.h5ad
    md5: 421dc4684023da609f1bd5d91a693df5
  - path: data/intermediate/hcl_train_data.h5ad
    md5: e070f659f781cac8badda99279787f0b
  - path: data/intermediate/hcl_val_data.h5ad
    md5: ea893e8a42af57b0e4da706ec63ad386
test_train_val_split:
  cmd: $VAE_PY src/pipeline/test_train_val_split.py
  deps:
  - path: data/raw/HCL_final_USE.h5ad
    md5: 646394dafa89c28677cc462947e6d7a7
  - path: src/pipeline/test_train_val_split.py
    md5: a12969d53107ae33d1a44bb34dafe400
  outs:
  - path: data/intermediate/hcl_test_data.h5ad
    md5: e61bb138ee02bb158788a783015a89ab
  - path: data/intermediate/hcl_train_data.h5ad
    md5: 9fb6649f2e5e016a22b733e36c13e1b1
  - path: data/intermediate/hcl_val_data.h5ad
    md5: 878d83389219ee4312a8f12d6314b9d6
train_vae:
  cmd: $VAE_PY src/pipeline/train_vae.py
  deps:
  - path: data/intermediate/hcl_test_data.h5ad
    md5: 31ba589fd7c074a71d1b47bdc2f1fe37
  - path: data/intermediate/hcl_train_data.h5ad
    md5: 70da7f4d2eba3b10d750520c585a96de
  - path: data/intermediate/hcl_val_data.h5ad
    md5: 083a89588fa1023fd75a67dd24340806
